{
  "version": 1,
  "dependencies": {
    "net10.0": {
      "KlutzyNinja.Touki": {
        "type": "Direct",
        "requested": "[0.10.0, 0.10.0]",
        "resolved": "0.10.0",
        "contentHash": "PEFKJaUA4+ufa8cSEyoNLeVNfnrfV2wvGUvORl2wdpbDN4QouSOpbSfTQEz22gdA53tGRWRBrKWj/ORBJCoIyg==",
        "dependencies": {
          "KlutzyNinja.Touki.Analyzers": "0.10.0",
          "System.Formats.Nrbf": "10.0.9"
        }
      },
      "KlutzyNinja.Touki.Analyzers": {
        "type": "Direct",
        "requested": "[0.11.1, 0.11.1]",
        "resolved": "0.11.1",
        "contentHash": "WWaCYHDgC6o6KyAgXQGTvoyppK4MA5bNAvyopuH7iaoognuiTkkFsb2WyoXJbgWKk26LWhuzqWZtrOr2Q5mBOg=="
      },
      "Microsoft.ML.OnnxRuntime": {
        "type": "Direct",
        "requested": "[1.30.0, 1.30.0]",
        "resolved": "1.30.0",
        "contentHash": "RaF3KjPXB/IbNvvrcQtrxS/NZjB9dEHnZQTsdJCLP5Fnn1Jj3LomeqR1mMAoRFKinJ0pIe85PLhLlfGBYqzgWA==",
        "dependencies": {
          "Microsoft.ML.OnnxRuntime.Managed": "1.30.0"
        }
      },
      "Microsoft.ML.Tokenizers": {
        "type": "Direct",
        "requested": "[2.0.0, 2.0.0]",
        "resolved": "2.0.0",
        "contentHash": "+b8lT4cLLO/sBR2hjvE/qG6qrZG15h7/PBvnIrzTh4xDaAxdHUY6449rC+1pHzQUsBiCHZVbj+VMn+xS0sL7TA==",
        "dependencies": {
          "Google.Protobuf": "3.30.2"
        }
      },
      "Google.Protobuf": {
        "type": "Transitive",
        "resolved": "3.30.2",
        "contentHash": "Y2aOVLIt75yeeEWigg9V9YnjsEm53sADtLGq0gLhwaXpk3iu8tYSoauolyhenagA2sWno2TQ2WujI0HQd6s1Vw=="
      },
      "Humanizer.Core": {
        "type": "Transitive",
        "resolved": "3.0.10",
        "contentHash": "yZIhtw8sYuvsONzQbZxWpR60tMWYHXoo0DL6nyOqSFiU5POjBTSEyWFpTQtJEZuy+oqiYTXKXY/Mjx7KnqIQFw=="
      },
      "Json.More.Net": {
        "type": "Transitive",
        "resolved": "3.0.1",
        "contentHash": "fRctF2J2SILYG6wqP21drmeEODmCVkVQ/b3MndDu2fT1swfySyUgq7ePCk+aENGlDcIm05fyfjh9vcuqDEfv3w=="
      },
      "JsonPointer.Net": {
        "type": "Transitive",
        "resolved": "7.0.2",
        "contentHash": "oClYHv2ooeRrtPZyC9sb/Za/ie5pGhjTbNHlAyFg4XOCyU+606FdoZKS7UdaWvtsPlrF+U2w0Ja3TRvn5+spyA==",
        "dependencies": {
          "Humanizer.Core": "3.0.10",
          "Json.More.Net": "3.0.1"
        }
      },
      "JsonSchema.Net": {
        "type": "Transitive",
        "resolved": "9.4.0",
        "contentHash": "muE4nPuzbD9x5XA1mkXJNqX4mhz47oF3EY8qFLY1pyUY7lhXFKq65t/dSKIHeNSLBV17zwZuq24MD1em90rMNg==",
        "dependencies": {
          "JsonPointer.Net": "7.0.2"
        }
      },
      "Markdig": {
        "type": "Transitive",
        "resolved": "0.45.0",
        "contentHash": "ObNLcA1b+0lpNNoEg256g9faMeJZi35wZW0AnKJ4nGPJe+5qkwnV26kUvQTHuanFnSX9SdvPzOO41BVJ6XarAg=="
      },
      "Microsoft.ML.OnnxRuntime.Managed": {
        "type": "Transitive",
        "resolved": "1.30.0",
        "contentHash": "KHW+vp+i4Mdf6RhIsMvurTVepafXHjg8/VQ0o6sa2wEK0KzV/4iEoRTUvsymcRP+XPAM/r6kZCaTADdV6Xn4RA==",
        "dependencies": {
          "System.Numerics.Tensors": "9.0.0"
        }
      },
      "System.Formats.Nrbf": {
        "type": "Transitive",
        "resolved": "10.0.9",
        "contentHash": "5SYwGzBdCL65Ntz56LjHgiY8khvvucN89xW9TSD/KVPFKSSl/ugoyfdb1nR0yXPeGBXWd4Y+QwIW5uwOsec3Pg=="
      },
      "System.Numerics.Tensors": {
        "type": "Transitive",
        "resolved": "9.0.0",
        "contentHash": "hyJB4UlpAi19Xr9AXzu2NuagKC4lPfHObNMEAA0HmqFz2rX7wKgzeYzO/jM/eBHDhnUGFFEjk5cOoJaxqg5J4A=="
      },
      "skillevaluation.core": {
        "type": "Project",
        "dependencies": {
          "JsonSchema.Net": "[9.4.0, 9.4.0]",
          "KlutzyNinja.Touki": "[0.10.0, 0.10.0]",
          "Markdig": "[0.45.0, 0.45.0]"
        }
      }
    }
  }
}